// !$*UTF8*$!
{
	archiveVersion = 1;
	classes = {
	};
	objectVersion = 50;
	objects = {

/* Begin PBXBuildFile section */
		892404E92489203300B4E4F9 /* RestaurantDetailsViewController.swift in Sources */ = {isa = PBXBuildFile; fileRef = 892404E82489203300B4E4F9 /* RestaurantDetailsViewController.swift */; };
		892404EB248929F300B4E4F9 /* GMSMapView.swift in Sources */ = {isa = PBXBuildFile; fileRef = 892404EA248929F200B4E4F9 /* GMSMapView.swift */; };
		89D476312487813200E3FA3B /* AppDelegate.swift in Sources */ = {isa = PBXBuildFile; fileRef = 89D476302487813200E3FA3B /* AppDelegate.swift */; };
		89D476332487813200E3FA3B /* SceneDelegate.swift in Sources */ = {isa = PBXBuildFile; fileRef = 89D476322487813200E3FA3B /* SceneDelegate.swift */; };
		89D476352487813200E3FA3B /* ViewController.swift in Sources */ = {isa = PBXBuildFile; fileRef = 89D476342487813200E3FA3B /* ViewController.swift */; };
		89D476382487813200E3FA3B /* Main.storyboard in Resources */ = {isa = PBXBuildFile; fileRef = 89D476362487813200E3FA3B /* Main.storyboard */; };
		89D4763B2487813200E3FA3B /* Rocket.xcdatamodeld in Sources */ = {isa = PBXBuildFile; fileRef = 89D476392487813200E3FA3B /* Rocket.xcdatamodeld */; };
		89D4763D2487813500E3FA3B /* Assets.xcassets in Resources */ = {isa = PBXBuildFile; fileRef = 89D4763C2487813500E3FA3B /* Assets.xcassets */; };
		89D476402487813500E3FA3B /* LaunchScreen.storyboard in Resources */ = {isa = PBXBuildFile; fileRef = 89D4763E2487813500E3FA3B /* LaunchScreen.storyboard */; };
		89D4764B2487813500E3FA3B /* RocketTests.swift in Sources */ = {isa = PBXBuildFile; fileRef = 89D4764A2487813500E3FA3B /* RocketTests.swift */; };
		89D476562487813500E3FA3B /* RocketUITests.swift in Sources */ = {isa = PBXBuildFile; fileRef = 89D476552487813500E3FA3B /* RocketUITests.swift */; };
		89D476642487903100E3FA3B /* LunchViewController.swift in Sources */ = {isa = PBXBuildFile; fileRef = 89D476632487903100E3FA3B /* LunchViewController.swift */; };
		89D476662487904200E3FA3B /* InternetsViewController.swift in Sources */ = {isa = PBXBuildFile; fileRef = 89D476652487904200E3FA3B /* InternetsViewController.swift */; };
		89D4766824879BC100E3FA3B /* LunchCollViewCell.swift in Sources */ = {isa = PBXBuildFile; fileRef = 89D4766724879BC100E3FA3B /* LunchCollViewCell.swift */; };
		89D4766C248818E500E3FA3B /* RestaurantModel.swift in Sources */ = {isa = PBXBuildFile; fileRef = 89D4766B248818E500E3FA3B /* RestaurantModel.swift */; };
/* End PBXBuildFile section */

/* Begin PBXContainerItemProxy section */
		89D476472487813500E3FA3B /* PBXContainerItemProxy */ = {
			isa = PBXContainerItemProxy;
			containerPortal = 89D476252487813200E3FA3B /* Project object */;
			proxyType = 1;
			remoteGlobalIDString = 89D4762C2487813200E3FA3B;
			remoteInfo = Rocket;
		};
		89D476522487813500E3FA3B /* PBXContainerItemProxy */ = {
			isa = PBXContainerItemProxy;
			containerPortal = 89D476252487813200E3FA3B /* Project object */;
			proxyType = 1;
			remoteGlobalIDString = 89D4762C2487813200E3FA3B;
			remoteInfo = Rocket;
		};
/* End PBXContainerItemProxy section */

/* Begin PBXFileReference section */
		892404E82489203300B4E4F9 /* RestaurantDetailsViewController.swift */ = {isa = PBXFileReference; lastKnownFileType = sourcecode.swift; path = RestaurantDetailsViewController.swift; sourceTree = "<group>"; };
		892404EA248929F200B4E4F9 /* GMSMapView.swift */ = {isa = PBXFileReference; lastKnownFileType = sourcecode.swift; path = GMSMapView.swift; sourceTree = "<group>"; };
		89D4762D2487813200E3FA3B /* Rocket.app */ = {isa = PBXFileReference; explicitFileType = wrapper.application; includeInIndex = 0; path = Rocket.app; sourceTree = BUILT_PRODUCTS_DIR; };
		89D476302487813200E3FA3B /* AppDelegate.swift */ = {isa = PBXFileReference; lastKnownFileType = sourcecode.swift; path = AppDelegate.swift; sourceTree = "<group>"; };
		89D476322487813200E3FA3B /* SceneDelegate.swift */ = {isa = PBXFileReference; lastKnownFileType = sourcecode.swift; path = SceneDelegate.swift; sourceTree = "<group>"; };
		89D476342487813200E3FA3B /* ViewController.swift */ = {isa = PBXFileReference; lastKnownFileType = sourcecode.swift; path = ViewController.swift; sourceTree = "<group>"; };
		89D476372487813200E3FA3B /* Base */ = {isa = PBXFileReference; lastKnownFileType = file.storyboard; name = Base; path = Base.lproj/Main.storyboard; sourceTree = "<group>"; };
		89D4763A2487813200E3FA3B /* Rocket.xcdatamodel */ = {isa = PBXFileReference; lastKnownFileType = wrapper.xcdatamodel; path = Rocket.xcdatamodel; sourceTree = "<group>"; };
		89D4763C2487813500E3FA3B /* Assets.xcassets */ = {isa = PBXFileReference; lastKnownFileType = folder.assetcatalog; path = Assets.xcassets; sourceTree = "<group>"; };
		89D4763F2487813500E3FA3B /* Base */ = {isa = PBXFileReference; lastKnownFileType = file.storyboard; name = Base; path = Base.lproj/LaunchScreen.storyboard; sourceTree = "<group>"; };
		89D476412487813500E3FA3B /* Info.plist */ = {isa = PBXFileReference; lastKnownFileType = text.plist.xml; path = Info.plist; sourceTree = "<group>"; };
		89D476462487813500E3FA3B /* RocketTests.xctest */ = {isa = PBXFileReference; explicitFileType = wrapper.cfbundle; includeInIndex = 0; path = RocketTests.xctest; sourceTree = BUILT_PRODUCTS_DIR; };
		89D4764A2487813500E3FA3B /* RocketTests.swift */ = {isa = PBXFileReference; lastKnownFileType = sourcecode.swift; path = RocketTests.swift; sourceTree = "<group>"; };
		89D4764C2487813500E3FA3B /* Info.plist */ = {isa = PBXFileReference; lastKnownFileType = text.plist.xml; path = Info.plist; sourceTree = "<group>"; };
		89D476512487813500E3FA3B /* RocketUITests.xctest */ = {isa = PBXFileReference; explicitFileType = wrapper.cfbundle; includeInIndex = 0; path = RocketUITests.xctest; sourceTree = BUILT_PRODUCTS_DIR; };
		89D476552487813500E3FA3B /* RocketUITests.swift */ = {isa = PBXFileReference; lastKnownFileType = sourcecode.swift; path = RocketUITests.swift; sourceTree = "<group>"; };
		89D476572487813500E3FA3B /* Info.plist */ = {isa = PBXFileReference; lastKnownFileType = text.plist.xml; path = Info.plist; sourceTree = "<group>"; };
		89D476632487903100E3FA3B /* LunchViewController.swift */ = {isa = PBXFileReference; lastKnownFileType = sourcecode.swift; path = LunchViewController.swift; sourceTree = "<group>"; };
		89D476652487904200E3FA3B /* InternetsViewController.swift */ = {isa = PBXFileReference; lastKnownFileType = sourcecode.swift; path = InternetsViewController.swift; sourceTree = "<group>"; };
		89D4766724879BC100E3FA3B /* LunchCollViewCell.swift */ = {isa = PBXFileReference; lastKnownFileType = sourcecode.swift; path = LunchCollViewCell.swift; sourceTree = "<group>"; };
		89D4766B248818E500E3FA3B /* RestaurantModel.swift */ = {isa = PBXFileReference; lastKnownFileType = sourcecode.swift; path = RestaurantModel.swift; sourceTree = "<group>"; };
/* End PBXFileReference section */

/* Begin PBXFrameworksBuildPhase section */
		89D4762A2487813200E3FA3B /* Frameworks */ = {
			isa = PBXFrameworksBuildPhase;
			buildActionMask = 2147483647;
			files = (
			);
			runOnlyForDeploymentPostprocessing = 0;
		};
		89D476432487813500E3FA3B /* Frameworks */ = {
			isa = PBXFrameworksBuildPhase;
			buildActionMask = 2147483647;
			files = (
			);
			runOnlyForDeploymentPostprocessing = 0;
		};
		89D4764E2487813500E3FA3B /* Frameworks */ = {
			isa = PBXFrameworksBuildPhase;
			buildActionMask = 2147483647;
			files = (
			);
			runOnlyForDeploymentPostprocessing = 0;
		};
/* End PBXFrameworksBuildPhase section */

/* Begin PBXGroup section */
		892404EC24895F4B00B4E4F9 /* Controller */ = {
			isa = PBXGroup;
			children = (
				89D476632487903100E3FA3B /* LunchViewController.swift */,
				89D476342487813200E3FA3B /* ViewController.swift */,
				892404E82489203300B4E4F9 /* RestaurantDetailsViewController.swift */,
				89D476652487904200E3FA3B /* InternetsViewController.swift */,
			);
			path = Controller;
			sourceTree = "<group>";
		};
		892404ED24895F9700B4E4F9 /* View */ = {
			isa = PBXGroup;
			children = (
				89D4766724879BC100E3FA3B /* LunchCollViewCell.swift */,
				892404EA248929F200B4E4F9 /* GMSMapView.swift */,
			);
			path = View;
			sourceTree = "<group>";
		};
		892404EE24895FAD00B4E4F9 /* Model */ = {
			isa = PBXGroup;
			children = (
				89D4766B248818E500E3FA3B /* RestaurantModel.swift */,
			);
			path = Model;
			sourceTree = "<group>";
		};
		89D476242487813200E3FA3B = {
			isa = PBXGroup;
			children = (
				89D4762F2487813200E3FA3B /* Rocket */,
				89D476492487813500E3FA3B /* RocketTests */,
				89D476542487813500E3FA3B /* RocketUITests */,
				89D4762E2487813200E3FA3B /* Products */,
			);
			sourceTree = "<group>";
		};
		89D4762E2487813200E3FA3B /* Products */ = {
			isa = PBXGroup;
			children = (
				89D4762D2487813200E3FA3B /* Rocket.app */,
				89D476462487813500E3FA3B /* RocketTests.xctest */,
				89D476512487813500E3FA3B /* RocketUITests.xctest */,
			);
			name = Products;
			sourceTree = "<group>";
		};
		89D4762F2487813200E3FA3B /* Rocket */ = {
			isa = PBXGroup;
			children = (
				89D476302487813200E3FA3B /* AppDelegate.swift */,
				89D476322487813200E3FA3B /* SceneDelegate.swift */,
				892404EC24895F4B00B4E4F9 /* Controller */,
				892404ED24895F9700B4E4F9 /* View */,
				892404EE24895FAD00B4E4F9 /* Model */,
				89D476362487813200E3FA3B /* Main.storyboard */,
				89D4763C2487813500E3FA3B /* Assets.xcassets */,
				89D4763E2487813500E3FA3B /* LaunchScreen.storyboard */,
				89D476412487813500E3FA3B /* Info.plist */,
				89D476392487813200E3FA3B /* Rocket.xcdatamodeld */,
			);
			path = Rocket;
			sourceTree = "<group>";
		};
		89D476492487813500E3FA3B /* RocketTests */ = {
			isa = PBXGroup;
			children = (
				89D4764A2487813500E3FA3B /* RocketTests.swift */,
				89D4764C2487813500E3FA3B /* Info.plist */,
			);
			path = RocketTests;
			sourceTree = "<group>";
		};
		89D476542487813500E3FA3B /* RocketUITests */ = {
			isa = PBXGroup;
			children = (
				89D476552487813500E3FA3B /* RocketUITests.swift */,
				89D476572487813500E3FA3B /* Info.plist */,
			);
			path = RocketUITests;
			sourceTree = "<group>";
		};
/* End PBXGroup section */

/* Begin PBXNativeTarget section */
		89D4762C2487813200E3FA3B /* Rocket */ = {
			isa = PBXNativeTarget;
			buildConfigurationList = 89D4765A2487813500E3FA3B /* Build configuration list for PBXNativeTarget "Rocket" */;
			buildPhases = (
				89D476292487813200E3FA3B /* Sources */,
				89D4762A2487813200E3FA3B /* Frameworks */,
				89D4762B2487813200E3FA3B /* Resources */,
			);
			buildRules = (
			);
			dependencies = (
			);
			name = Rocket;
			productName = Rocket;
			productReference = 89D4762D2487813200E3FA3B /* Rocket.app */;
			productType = "com.apple.product-type.application";
		};
		89D476452487813500E3FA3B /* RocketTests */ = {
			isa = PBXNativeTarget;
			buildConfigurationList = 89D4765D2487813500E3FA3B /* Build configuration list for PBXNativeTarget "RocketTests" */;
			buildPhases = (
				89D476422487813500E3FA3B /* Sources */,
				89D476432487813500E3FA3B /* Frameworks */,
				89D476442487813500E3FA3B /* Resources */,
			);
			buildRules = (
			);
			dependencies = (
				89D476482487813500E3FA3B /* PBXTargetDependency */,
			);
			name = RocketTests;
			productName = RocketTests;
			productReference = 89D476462487813500E3FA3B /* RocketTests.xctest */;
			productType = "com.apple.product-type.bundle.unit-test";
		};
		89D476502487813500E3FA3B /* RocketUITests */ = {
			isa = PBXNativeTarget;
			buildConfigurationList = 89D476602487813500E3FA3B /* Build configuration list for PBXNativeTarget "RocketUITests" */;
			buildPhases = (
				89D4764D2487813500E3FA3B /* Sources */,
				89D4764E2487813500E3FA3B /* Frameworks */,
				89D4764F2487813500E3FA3B /* Resources */,
			);
			buildRules = (
			);
			dependencies = (
				89D476532487813500E3FA3B /* PBXTargetDependency */,
			);
			name = RocketUITests;
			productName = RocketUITests;
			productReference = 89D476512487813500E3FA3B /* RocketUITests.xctest */;
			productType = "com.apple.product-type.bundle.ui-testing";
		};
/* End PBXNativeTarget section */

/* Begin PBXProject section */
		89D476252487813200E3FA3B /* Project object */ = {
			isa = PBXProject;
			attributes = {
				LastSwiftUpdateCheck = 1120;
				LastUpgradeCheck = 1120;
				ORGANIZATIONNAME = "kashee kushwaha";
				TargetAttributes = {
					89D4762C2487813200E3FA3B = {
						CreatedOnToolsVersion = 11.2.1;
					};
					89D476452487813500E3FA3B = {
						CreatedOnToolsVersion = 11.2.1;
						TestTargetID = 89D4762C2487813200E3FA3B;
					};
					89D476502487813500E3FA3B = {
						CreatedOnToolsVersion = 11.2.1;
						TestTargetID = 89D4762C2487813200E3FA3B;
					};
				};
			};
			buildConfigurationList = 89D476282487813200E3FA3B /* Build configuration list for PBXProject "Rocket" */;
			compatibilityVersion = "Xcode 9.3";
			developmentRegion = en;
			hasScannedForEncodings = 0;
			knownRegions = (
				en,
				Base,
			);
			mainGroup = 89D476242487813200E3FA3B;
			productRefGroup = 89D4762E2487813200E3FA3B /* Products */;
			projectDirPath = "";
			projectRoot = "";
			targets = (
				89D4762C2487813200E3FA3B /* Rocket */,
				89D476452487813500E3FA3B /* RocketTests */,
				89D476502487813500E3FA3B /* RocketUITests */,
			);
		};
/* End PBXProject section */

/* Begin PBXResourcesBuildPhase section */
		89D4762B2487813200E3FA3B /* Resources */ = {
			isa = PBXResourcesBuildPhase;
			buildActionMask = 2147483647;
			files = (
				89D476402487813500E3FA3B /* LaunchScreen.storyboard in Resources */,
				89D4763D2487813500E3FA3B /* Assets.xcassets in Resources */,
				89D476382487813200E3FA3B /* Main.storyboard in Resources */,
			);
			runOnlyForDeploymentPostprocessing = 0;
		};
		89D476442487813500E3FA3B /* Resources */ = {
			isa = PBXResourcesBuildPhase;
			buildActionMask = 2147483647;
			files = (
			);
			runOnlyForDeploymentPostprocessing = 0;
		};
		89D4764F2487813500E3FA3B /* Resources */ = {
			isa = PBXResourcesBuildPhase;
			buildActionMask = 2147483647;
			files = (
			);
			runOnlyForDeploymentPostprocessing = 0;
		};
/* End PBXResourcesBuildPhase section */

/* Begin PBXSourcesBuildPhase section */
		89D476292487813200E3FA3B /* Sources */ = {
			isa = PBXSourcesBuildPhase;
			buildActionMask = 2147483647;
			files = (
				89D476352487813200E3FA3B /* ViewController.swift in Sources */,
				89D4766C248818E500E3FA3B /* RestaurantModel.swift in Sources */,
				89D476642487903100E3FA3B /* LunchViewController.swift in Sources */,
				892404EB248929F300B4E4F9 /* GMSMapView.swift in Sources */,
				892404E92489203300B4E4F9 /* RestaurantDetailsViewController.swift in Sources */,
				89D476312487813200E3FA3B /* AppDelegate.swift in Sources */,
				89D476332487813200E3FA3B /* SceneDelegate.swift in Sources */,
				89D4763B2487813200E3FA3B /* Rocket.xcdatamodeld in Sources */,
				89D4766824879BC100E3FA3B /* LunchCollViewCell.swift in Sources */,
				89D476662487904200E3FA3B /* InternetsViewController.swift in Sources */,
			);
			runOnlyForDeploymentPostprocessing = 0;
		};
		89D476422487813500E3FA3B /* Sources */ = {
			isa = PBXSourcesBuildPhase;
			buildActionMask = 2147483647;
			files = (
				89D4764B2487813500E3FA3B /* RocketTests.swift in Sources */,
			);
			runOnlyForDeploymentPostprocessing = 0;
		};
		89D4764D2487813500E3FA3B /* Sources */ = {
			isa = PBXSourcesBuildPhase;
			buildActionMask = 2147483647;
			files = (
				89D476562487813500E3FA3B /* RocketUITests.swift in Sources */,
			);
			runOnlyForDeploymentPostprocessing = 0;
		};
/* End PBXSourcesBuildPhase section */

/* Begin PBXTargetDependency section */
		89D476482487813500E3FA3B /* PBXTargetDependency */ = {
			isa = PBXTargetDependency;
			target = 89D4762C2487813200E3FA3B /* Rocket */;
			targetProxy = 89D476472487813500E3FA3B /* PBXContainerItemProxy */;
		};
		89D476532487813500E3FA3B /* PBXTargetDependency */ = {
			isa = PBXTargetDependency;
			target = 89D4762C2487813200E3FA3B /* Rocket */;
			targetProxy = 89D476522487813500E3FA3B /* PBXContainerItemProxy */;
		};
/* End PBXTargetDependency section */

/* Begin PBXVariantGroup section */
		89D476362487813200E3FA3B /* Main.storyboard */ = {
			isa = PBXVariantGroup;
			children = (
				89D476372487813200E3FA3B /* Base */,
			);
			name = Main.storyboard;
			sourceTree = "<group>";
		};
		89D4763E2487813500E3FA3B /* LaunchScreen.storyboard */ = {
			isa = PBXVariantGroup;
			children = (
				89D4763F2487813500E3FA3B /* Base */,
			);
			name = LaunchScreen.storyboard;
			sourceTree = "<group>";
		};
/* End PBXVariantGroup section */

/* Begin XCBuildConfiguration section */
		89D476582487813500E3FA3B /* Debug */ = {
			isa = XCBuildConfiguration;
			buildSettings = {
				ALWAYS_SEARCH_USER_PATHS = NO;
				CLANG_ANALYZER_NONNULL = YES;
				CLANG_ANALYZER_NUMBER_OBJECT_CONVERSION = YES_AGGRESSIVE;
				CLANG_CXX_LANGUAGE_STANDARD = "gnu++14";
				CLANG_CXX_LIBRARY = "libc++";
				CLANG_ENABLE_MODULES = YES;
				CLANG_ENABLE_OBJC_ARC = YES;
				CLANG_ENABLE_OBJC_WEAK = YES;
				CLANG_WARN_BLOCK_CAPTURE_AUTORELEASING = YES;
				CLANG_WARN_BOOL_CONVERSION = YES;
				CLANG_WARN_COMMA = YES;
				CLANG_WARN_CONSTANT_CONVERSION = YES;
				CLANG_WARN_DEPRECATED_OBJC_IMPLEMENTATIONS = YES;
				CLANG_WARN_DIRECT_OBJC_ISA_USAGE = YES_ERROR;
				CLANG_WARN_DOCUMENTATION_COMMENTS = YES;
				CLANG_WARN_EMPTY_BODY = YES;
				CLANG_WARN_ENUM_CONVERSION = YES;
				CLANG_WARN_INFINITE_RECURSION = YES;
				CLANG_WARN_INT_CONVERSION = YES;
				CLANG_WARN_NON_LITERAL_NULL_CONVERSION = YES;
				CLANG_WARN_OBJC_IMPLICIT_RETAIN_SELF = YES;
				CLANG_WARN_OBJC_LITERAL_CONVERSION = YES;
				CLANG_WARN_OBJC_ROOT_CLASS = YES_ERROR;
				CLANG_WARN_RANGE_LOOP_ANALYSIS = YES;
				CLANG_WARN_STRICT_PROTOTYPES = YES;
				CLANG_WARN_SUSPICIOUS_MOVE = YES;
				CLANG_WARN_UNGUARDED_AVAILABILITY = YES_AGGRESSIVE;
				CLANG_WARN_UNREACHABLE_CODE = YES;
				CLANG_WARN__DUPLICATE_METHOD_MATCH = YES;
				COPY_PHASE_STRIP = NO;
				DEBUG_INFORMATION_FORMAT = dwarf;
				ENABLE_STRICT_OBJC_MSGSEND = YES;
				ENABLE_TESTABILITY = YES;
				GCC_C_LANGUAGE_STANDARD = gnu11;
				GCC_DYNAMIC_NO_PIC = NO;
				GCC_NO_COMMON_BLOCKS = YES;
				GCC_OPTIMIZATION_LEVEL = 0;
				GCC_PREPROCESSOR_DEFINITIONS = (
					"DEBUG=1",
					"$(inherited)",
				);
				GCC_WARN_64_TO_32_BIT_CONVERSION = YES;
				GCC_WARN_ABOUT_RETURN_TYPE = YES_ERROR;
				GCC_WARN_UNDECLARED_SELECTOR = YES;
				GCC_WARN_UNINITIALIZED_AUTOS = YES_AGGRESSIVE;
				GCC_WARN_UNUSED_FUNCTION = YES;
				GCC_WARN_UNUSED_VARIABLE = YES;
				IPHONEOS_DEPLOYMENT_TARGET = 13.2;
				MTL_ENABLE_DEBUG_INFO = INCLUDE_SOURCE;
				MTL_FAST_MATH = YES;
				ONLY_ACTIVE_ARCH = YES;
				SDKROOT = iphoneos;
				SWIFT_ACTIVE_COMPILATION_CONDITIONS = DEBUG;
				SWIFT_OPTIMIZATION_LEVEL = "-Onone";
			};
			name = Debug;
		};
		89D476592487813500E3FA3B /* Release */ = {
			isa = XCBuildConfiguration;
			buildSettings = {
				ALWAYS_SEARCH_USER_PATHS = NO;
				CLANG_ANALYZER_NONNULL = YES;
				CLANG_ANALYZER_NUMBER_OBJECT_CONVERSION = YES_AGGRESSIVE;
				CLANG_CXX_LANGUAGE_STANDARD = "gnu++14";
				CLANG_CXX_LIBRARY = "libc++";
				CLANG_ENABLE_MODULES = YES;
				CLANG_ENABLE_OBJC_ARC = YES;
				CLANG_ENABLE_OBJC_WEAK = YES;
				CLANG_WARN_BLOCK_CAPTURE_AUTORELEASING = YES;
				CLANG_WARN_BOOL_CONVERSION = YES;
				CLANG_WARN_COMMA = YES;
				CLANG_WARN_CONSTANT_CONVERSION = YES;
				CLANG_WARN_DEPRECATED_OBJC_IMPLEMENTATIONS = YES;
				CLANG_WARN_DIRECT_OBJC_ISA_USAGE = YES_ERROR;
				CLANG_WARN_DOCUMENTATION_COMMENTS = YES;
				CLANG_WARN_EMPTY_BODY = YES;
				CLANG_WARN_ENUM_CONVERSION = YES;
				CLANG_WARN_INFINITE_RECURSION = YES;
				CLANG_WARN_INT_CONVERSION = YES;
				CLANG_WARN_NON_LITERAL_NULL_CONVERSION = YES;
				CLANG_WARN_OBJC_IMPLICIT_RETAIN_SELF = YES;
				CLANG_WARN_OBJC_LITERAL_CONVERSION = YES;
				CLANG_WARN_OBJC_ROOT_CLASS = YES_ERROR;
				CLANG_WARN_RANGE_LOOP_ANALYSIS = YES;
				CLANG_WARN_STRICT_PROTOTYPES = YES;
				CLANG_WARN_SUSPICIOUS_MOVE = YES;
				CLANG_WARN_UNGUARDED_AVAILABILITY = YES_AGGRESSIVE;
				CLANG_WARN_UNREACHABLE_CODE = YES;
				CLANG_WARN__DUPLICATE_METHOD_MATCH = YES;
				COPY_PHASE_STRIP = NO;
				DEBUG_INFORMATION_FORMAT = "dwarf-with-dsym";
				ENABLE_NS_ASSERTIONS = NO;
				ENABLE_STRICT_OBJC_MSGSEND = YES;
				GCC_C_LANGUAGE_STANDARD = gnu11;
				GCC_NO_COMMON_BLOCKS = YES;
				GCC_WARN_64_TO_32_BIT_CONVERSION = YES;
				GCC_WARN_ABOUT_RETURN_TYPE = YES_ERROR;
				GCC_WARN_UNDECLARED_SELECTOR = YES;
				GCC_WARN_UNINITIALIZED_AUTOS = YES_AGGRESSIVE;
				GCC_WARN_UNUSED_FUNCTION = YES;
				GCC_WARN_UNUSED_VARIABLE = YES;
				IPHONEOS_DEPLOYMENT_TARGET = 13.2;
				MTL_ENABLE_DEBUG_INFO = NO;
				MTL_FAST_MATH = YES;
				SDKROOT = iphoneos;
				SWIFT_COMPILATION_MODE = wholemodule;
				SWIFT_OPTIMIZATION_LEVEL = "-O";
				VALIDATE_PRODUCT = YES;
			};
			name = Release;
		};
		89D4765B2487813500E3FA3B /* Debug */ = {
			isa = XCBuildConfiguration;
			buildSettings = {
				ASSETCATALOG_COMPILER_APPICON_NAME = AppIcon;
				CODE_SIGN_STYLE = Automatic;
				INFOPLIST_FILE = Rocket/Info.plist;
				LD_RUNPATH_SEARCH_PATHS = (
					"$(inherited)",
					"@executable_path/Frameworks",
				);
				PRODUCT_BUNDLE_IDENTIFIER = CrazyDev.Rocket;
				PRODUCT_NAME = "$(TARGET_NAME)";
				SWIFT_VERSION = 5.0;
				TARGETED_DEVICE_FAMILY = "1,2";
			};
			name = Debug;
		};
		89D4765C2487813500E3FA3B /* Release */ = {
			isa = XCBuildConfiguration;
			buildSettings = {
				ASSETCATALOG_COMPILER_APPICON_NAME = AppIcon;
				CODE_SIGN_STYLE = Automatic;
				INFOPLIST_FILE = Rocket/Info.plist;
				LD_RUNPATH_SEARCH_PATHS = (
					"$(inherited)",
					"@executable_path/Frameworks",
				);
				PRODUCT_BUNDLE_IDENTIFIER = CrazyDev.Rocket;
				PRODUCT_NAME = "$(TARGET_NAME)";
				SWIFT_VERSION = 5.0;
				TARGETED_DEVICE_FAMILY = "1,2";
			};
			name = Release;
		};
		89D4765E2487813500E3FA3B /* Debug */ = {
			isa = XCBuildConfiguration;
			buildSettings = {
				ALWAYS_EMBED_SWIFT_STANDARD_LIBRARIES = YES;
				BUNDLE_LOADER = "$(TEST_HOST)";
				CODE_SIGN_STYLE = Automatic;
				INFOPLIST_FILE = RocketTests/Info.plist;
				IPHONEOS_DEPLOYMENT_TARGET = 13.2;
				LD_RUNPATH_SEARCH_PATHS = (
					"$(inherited)",
					"@executable_path/Frameworks",
					"@loader_path/Frameworks",
				);
				PRODUCT_BUNDLE_IDENTIFIER = CrazyDev.RocketTests;
				PRODUCT_NAME = "$(TARGET_NAME)";
				SWIFT_VERSION = 5.0;
				TARGETED_DEVICE_FAMILY = "1,2";
				TEST_HOST = "$(BUILT_PRODUCTS_DIR)/Rocket.app/Rocket";
			};
			name = Debug;
		};
		89D4765F2487813500E3FA3B /* Release */ = {
			isa = XCBuildConfiguration;
			buildSettings = {
				ALWAYS_EMBED_SWIFT_STANDARD_LIBRARIES = YES;
				BUNDLE_LOADER = "$(TEST_HOST)";
				CODE_SIGN_STYLE = Automatic;
				INFOPLIST_FILE = RocketTests/Info.plist;
				IPHONEOS_DEPLOYMENT_TARGET = 13.2;
				LD_RUNPATH_SEARCH_PATHS = (
					"$(inherited)",
					"@executable_path/Frameworks",
					"@loader_path/Frameworks",
				);
				PRODUCT_BUNDLE_IDENTIFIER = CrazyDev.RocketTests;
				PRODUCT_NAME = "$(TARGET_NAME)";
				SWIFT_VERSION = 5.0;
				TARGETED_DEVICE_FAMILY = "1,2";
				TEST_HOST = "$(BUILT_PRODUCTS_DIR)/Rocket.app/Rocket";
			};
			name = Release;
		};
		89D476612487813500E3FA3B /* Debug */ = {
			isa = XCBuildConfiguration;
			buildSettings = {
				ALWAYS_EMBED_SWIFT_STANDARD_LIBRARIES = YES;
				CODE_SIGN_STYLE = Automatic;
				INFOPLIST_FILE = RocketUITests/Info.plist;
				LD_RUNPATH_SEARCH_PATHS = (
					"$(inherited)",
					"@executable_path/Frameworks",
					"@loader_path/Frameworks",
				);
				PRODUCT_BUNDLE_IDENTIFIER = CrazyDev.RocketUITests;
				PRODUCT_NAME = "$(TARGET_NAME)";
				SWIFT_VERSION = 5.0;
				TARGETED_DEVICE_FAMILY = "1,2";
				TEST_TARGET_NAME = Rocket;
			};
			name = Debug;
		};
		89D476622487813500E3FA3B /* Release */ = {
			isa = XCBuildConfiguration;
			buildSettings = {
				ALWAYS_EMBED_SWIFT_STANDARD_LIBRARIES = YES;
				CODE_SIGN_STYLE = Automatic;
				INFOPLIST_FILE = RocketUITests/Info.plist;
				LD_RUNPATH_SEARCH_PATHS = (
					"$(inherited)",
					"@executable_path/Frameworks",
					"@loader_path/Frameworks",
				);
				PRODUCT_BUNDLE_IDENTIFIER = CrazyDev.RocketUITests;
				PRODUCT_NAME = "$(TARGET_NAME)";
				SWIFT_VERSION = 5.0;
				TARGETED_DEVICE_FAMILY = "1,2";
				TEST_TARGET_NAME = Rocket;
			};
			name = Release;
		};
/* End XCBuildConfiguration section */

/* Begin XCConfigurationList section */
		89D476282487813200E3FA3B /* Build configuration list for PBXProject "Rocket" */ = {
			isa = XCConfigurationList;
			buildConfigurations = (
				89D476582487813500E3FA3B /* Debug */,
				89D476592487813500E3FA3B /* Release */,
			);
			defaultConfigurationIsVisible = 0;
			defaultConfigurationName = Release;
		};
		89D4765A2487813500E3FA3B /* Build configuration list for PBXNativeTarget "Rocket" */ = {
			isa = XCConfigurationList;
			buildConfigurations = (
				89D4765B2487813500E3FA3B /* Debug */,
				89D4765C2487813500E3FA3B /* Release */,
			);
			defaultConfigurationIsVisible = 0;
			defaultConfigurationName = Release;
		};
		89D4765D2487813500E3FA3B /* Build configuration list for PBXNativeTarget "RocketTests" */ = {
			isa = XCConfigurationList;
			buildConfigurations = (
				89D4765E2487813500E3FA3B /* Debug */,
				89D4765F2487813500E3FA3B /* Release */,
			);
			defaultConfigurationIsVisible = 0;
			defaultConfigurationName = Release;
		};
		89D476602487813500E3FA3B /* Build configuration list for PBXNativeTarget "RocketUITests" */ = {
			isa = XCConfigurationList;
			buildConfigurations = (
				89D476612487813500E3FA3B /* Debug */,
				89D476622487813500E3FA3B /* Release */,
			);
			defaultConfigurationIsVisible = 0;
			defaultConfigurationName = Release;
		};
/* End XCConfigurationList section */

/* Begin XCVersionGroup section */
		89D476392487813200E3FA3B /* Rocket.xcdatamodeld */ = {
			isa = XCVersionGroup;
			children = (
				89D4763A2487813200E3FA3B /* Rocket.xcdatamodel */,
			);
			currentVersion = 89D4763A2487813200E3FA3B /* Rocket.xcdatamodel */;
			path = Rocket.xcdatamodeld;
			sourceTree = "<group>";
			versionGroupType = wrapper.xcdatamodel;
		};
/* End XCVersionGroup section */
	};
	rootObject = 89D476252487813200E3FA3B /* Project object */;
}
